
Microsoft Visual Studio Solution File, Format Version 12.00
# Visual Studio 15
VisualStudioVersion = 15.0.27130.2036
MinimumVisualStudioVersion = 10.0.40219.1
Project("{FAE04EC0-301F-11D3-BF4B-00C04F79EFBC}") = "FS", "FS\FS.csproj", "{705CBC4E-6D85-4564-9F54-1F100AF2FA38}"
EndProject
Global
	GlobalSection(SolutionConfigurationPlatforms) = preSolution
		Debug|Any CPU = Debug|Any CPU
		Release|Any CPU = Release|Any CPU
	EndGlobalSection
	GlobalSection(ProjectConfigurationPlatforms) = postSolution
		{705CBC4E-6D85-4564-9F54-1F100AF2FA38}.Debug|Any CPU.ActiveCfg = Debug|Any CPU
		{705CBC4E-6D85-4564-9F54-1F100AF2FA38}.Debug|Any CPU.Build.0 = Debug|Any CPU
		{705CBC4E-6D85-4564-9F54-1F100AF2FA38}.Release|Any CPU.ActiveCfg = Release|Any CPU
		{705CBC4E-6D85-4564-9F54-1F100AF2FA38}.Release|Any CPU.Build.0 = Release|Any CPU
	EndGlobalSection
	GlobalSection(SolutionProperties) = preSolution
		HideSolutionNode = FALSE
	EndGlobalSection
	GlobalSection(ExtensibilityGlobals) = postSolution
		SolutionGuid = {F1CE3D2A-FD4A-41A3-BAC4-BF83B91320C5}
	EndGlobalSection
EndGlobal
